
Microsoft Visual Studio Solution File, Format Version 12.00
# Visual Studio Version 17
VisualStudioVersion = 17.7.34031.279
MinimumVisualStudioVersion = 10.0.40219.1
Project("{FAE04EC0-301F-11D3-BF4B-00C04F79EFBC}") = "RopeTree", "RopeTree\RopeTree.csproj", "{3362B705-65A1-4C8C-A8AA-1B8286CB1FCB}"
EndProject
Global
	GlobalSection(SolutionConfigurationPlatforms) = preSolution
		Debug|Any CPU = Debug|Any CPU
		Release|Any CPU = Release|Any CPU
	EndGlobalSection
	GlobalSection(ProjectConfigurationPlatforms) = postSolution
		{3362B705-65A1-4C8C-A8AA-1B8286CB1FCB}.Debug|Any CPU.ActiveCfg = Debug|Any CPU
		{3362B705-65A1-4C8C-A8AA-1B8286CB1FCB}.Debug|Any CPU.Build.0 = Debug|Any CPU
		{3362B705-65A1-4C8C-A8AA-1B8286CB1FCB}.Release|Any CPU.ActiveCfg = Release|Any CPU
		{3362B705-65A1-4C8C-A8AA-1B8286CB1FCB}.Release|Any CPU.Build.0 = Release|Any CPU
	EndGlobalSection
	GlobalSection(SolutionProperties) = preSolution
		HideSolutionNode = FALSE
	EndGlobalSection
	GlobalSection(ExtensibilityGlobals) = postSolution
		SolutionGuid = {2F30018D-B506-4F0C-9558-BD348B462D70}
	EndGlobalSection
EndGlobal
